
Microsoft Visual Studio Solution File, Format Version 12.00
Project("{FAE04EC0-301F-11D3-BF4B-00C04F79EFBC}") = "Social-Media-App", "Social-Media-App\Social-Media-App.csproj", "{720A59C7-963C-4E0B-B766-81BDB5C05D0D}"
EndProject
Global
	GlobalSection(SolutionConfigurationPlatforms) = preSolution
		Debug|Any CPU = Debug|Any CPU
		Release|Any CPU = Release|Any CPU
	EndGlobalSection
	GlobalSection(ProjectConfigurationPlatforms) = postSolution
		{720A59C7-963C-4E0B-B766-81BDB5C05D0D}.Debug|Any CPU.ActiveCfg = Debug|Any CPU
		{720A59C7-963C-4E0B-B766-81BDB5C05D0D}.Debug|Any CPU.Build.0 = Debug|Any CPU
		{720A59C7-963C-4E0B-B766-81BDB5C05D0D}.Release|Any CPU.ActiveCfg = Release|Any CPU
		{720A59C7-963C-4E0B-B766-81BDB5C05D0D}.Release|Any CPU.Build.0 = Release|Any CPU
	EndGlobalSection
EndGlobal
